
Microsoft Visual Studio Solution File, Format Version 12.00
# Visual Studio Version 16
VisualStudioVersion = 16.0.31402.337
MinimumVisualStudioVersion = 10.0.40219.1
Project("{9A19103F-16F7-4668-BE54-9A1E7A4F7556}") = "EnergyDataPlatform", "EnergyDataPlatform\EnergyDataPlatform.csproj", "{4D3EA82E-8052-4301-BF71-C83F6B72290C}"
EndProject
Project("{FAE04EC0-301F-11D3-BF4B-00C04F79EFBC}") = "TestProject", "TestProject\TestProject.csproj", "{47B3BAA0-2946-4889-B82E-B6E96AC89EBF}"
EndProject
Global
	GlobalSection(SolutionConfigurationPlatforms) = preSolution
		Debug|Any CPU = Debug|Any CPU
		Release|Any CPU = Release|Any CPU
	EndGlobalSection
	GlobalSection(ProjectConfigurationPlatforms) = postSolution
		{4D3EA82E-8052-4301-BF71-C83F6B72290C}.Debug|Any CPU.ActiveCfg = Debug|Any CPU
		{4D3EA82E-8052-4301-BF71-C83F6B72290C}.Debug|Any CPU.Build.0 = Debug|Any CPU
		{4D3EA82E-8052-4301-BF71-C83F6B72290C}.Release|Any CPU.ActiveCfg = Release|Any CPU
		{4D3EA82E-8052-4301-BF71-C83F6B72290C}.Release|Any CPU.Build.0 = Release|Any CPU
		{47B3BAA0-2946-4889-B82E-B6E96AC89EBF}.Debug|Any CPU.ActiveCfg = Debug|Any CPU
		{47B3BAA0-2946-4889-B82E-B6E96AC89EBF}.Debug|Any CPU.Build.0 = Debug|Any CPU
		{47B3BAA0-2946-4889-B82E-B6E96AC89EBF}.Release|Any CPU.ActiveCfg = Release|Any CPU
		{47B3BAA0-2946-4889-B82E-B6E96AC89EBF}.Release|Any CPU.Build.0 = Release|Any CPU
	EndGlobalSection
	GlobalSection(SolutionProperties) = preSolution
		HideSolutionNode = FALSE
	EndGlobalSection
	GlobalSection(ExtensibilityGlobals) = postSolution
		SolutionGuid = {CE668FD2-70AF-4532-B26F-8FCA5E5E5353}
	EndGlobalSection
EndGlobal
